
Microsoft Visual Studio Solution File, Format Version 12.00
# Visual Studio Version 16
VisualStudioVersion = 16.0.29613.14
MinimumVisualStudioVersion = 10.0.40219.1
Project("{FAE04EC0-301F-11D3-BF4B-00C04F79EFBC}") = "CustomChannelEditor", "CustomChannelEditor\CustomChannelEditor.csproj", "{59F33581-DBC1-4250-8202-BFC45E9D063B}"
EndProject
Global
	GlobalSection(SolutionConfigurationPlatforms) = preSolution
		Debug|Any CPU = Debug|Any CPU
		Release|Any CPU = Release|Any CPU
	EndGlobalSection
	GlobalSection(ProjectConfigurationPlatforms) = postSolution
		{59F33581-DBC1-4250-8202-BFC45E9D063B}.Debug|Any CPU.ActiveCfg = Debug|Any CPU
		{59F33581-DBC1-4250-8202-BFC45E9D063B}.Debug|Any CPU.Build.0 = Debug|Any CPU
		{59F33581-DBC1-4250-8202-BFC45E9D063B}.Release|Any CPU.ActiveCfg = Release|Any CPU
		{59F33581-DBC1-4250-8202-BFC45E9D063B}.Release|Any CPU.Build.0 = Release|Any CPU
	EndGlobalSection
	GlobalSection(SolutionProperties) = preSolution
		HideSolutionNode = FALSE
	EndGlobalSection
	GlobalSection(ExtensibilityGlobals) = postSolution
		SolutionGuid = {4B8E1C67-FE67-4E54-9A9F-AC8CD94FB78A}
	EndGlobalSection
EndGlobal
